
Microsoft Visual Studio Solution File, Format Version 12.00
# Visual Studio Version 17
VisualStudioVersion = 17.9.34714.143
MinimumVisualStudioVersion = 10.0.40219.1
Project("{FAE04EC0-301F-11D3-BF4B-00C04F79EFBC}") = "TrainSystem", "TrainSystem\TrainSystem.csproj", "{E86E5364-F7B0-4EFC-8C63-F4F77C066DAC}"
EndProject
Global
	GlobalSection(SolutionConfigurationPlatforms) = preSolution
		Debug|Any CPU = Debug|Any CPU
		Release|Any CPU = Release|Any CPU
	EndGlobalSection
	GlobalSection(ProjectConfigurationPlatforms) = postSolution
		{E86E5364-F7B0-4EFC-8C63-F4F77C066DAC}.Debug|Any CPU.ActiveCfg = Debug|Any CPU
		{E86E5364-F7B0-4EFC-8C63-F4F77C066DAC}.Debug|Any CPU.Build.0 = Debug|Any CPU
		{E86E5364-F7B0-4EFC-8C63-F4F77C066DAC}.Release|Any CPU.ActiveCfg = Release|Any CPU
		{E86E5364-F7B0-4EFC-8C63-F4F77C066DAC}.Release|Any CPU.Build.0 = Release|Any CPU
	EndGlobalSection
	GlobalSection(SolutionProperties) = preSolution
		HideSolutionNode = FALSE
	EndGlobalSection
	GlobalSection(ExtensibilityGlobals) = postSolution
		SolutionGuid = {59093864-E7DC-4AA9-A802-F57E94CC98EE}
	EndGlobalSection
EndGlobal
